<?xml version="1.0" encoding="UTF-8"?>
<Project ToolsVersion="15.0" xmlns="http://schemas.microsoft.com/developer/msbuild/2003">
  <ItemGroup>
    <ClCompile Include="W:\fire\src\fire\fire\fire.cpp">
      <Filter>Source Files</Filter>
    </ClCompile>
    <ClCompile Include="W:\fire\src\fire\fire\platform\window\win.cpp">
      <Filter>Source Files</Filter>
    </ClCompile>
  </ItemGroup>
  <ItemGroup>
    <CustomBuild Include="W:\fire\temp\cmake\CMakeLists.txt" />
  </ItemGroup>
  <ItemGroup>
    <Filter Include="Source Files">
      <UniqueIdentifier>{9FAAA682-154B-3B1F-8A24-DD3667DC1060}</UniqueIdentifier>
    </Filter>
  </ItemGroup>
</Project>
